
Microsoft Visual Studio Solution File, Format Version 12.00
# Visual Studio Version 17
VisualStudioVersion = 17.8.34110.38
MinimumVisualStudioVersion = 10.0.40219.1
Project("{9A19103F-16F7-4668-BE54-9A1E7A4F7556}") = "System.CommandLine.Parsing", "System.CommandLine.Parsing\System.CommandLine.Parsing.csproj", "{BEDEF4C5-9913-4FFA-94B1-1C7D1CE84AFD}"
EndProject
Project("{9A19103F-16F7-4668-BE54-9A1E7A4F7556}") = "System.CommandLine", "System.CommandLine\System.CommandLine.csproj", "{1D8CAF32-F227-44CE-AFF1-E6E745EFCA8C}"
EndProject
Project("{9A19103F-16F7-4668-BE54-9A1E7A4F7556}") = "System.CommandLine.Help", "System.CommandLine.Help\System.CommandLine.Help.csproj", "{277CF12C-6E74-45CF-86E2-F19A39E4A6B9}"
EndProject
Project("{9A19103F-16F7-4668-BE54-9A1E7A4F7556}") = "Scenarios.Simplest", "Scenarios.Simplest\Scenarios.Simplest.csproj", "{FF9E4B24-D836-4686-B12B-80AAFF9A2232}"
EndProject
Project("{FAE04EC0-301F-11D3-BF4B-00C04F79EFBC}") = "System.CommandLine.Routing", "System.CommandLine.Routing\System.CommandLine.Routing.csproj", "{0096C6B7-7164-4E56-B558-74BD929FDF63}"
EndProject
Project("{FAE04EC0-301F-11D3-BF4B-00C04F79EFBC}") = "Scenarios.Actions", "Scenarios.Actions\Scenarios.Actions.csproj", "{8C13B4FE-8A01-42C7-807F-C568B7B89965}"
EndProject
Global
	GlobalSection(SolutionConfigurationPlatforms) = preSolution
		Debug|Any CPU = Debug|Any CPU
		Release|Any CPU = Release|Any CPU
	EndGlobalSection
	GlobalSection(ProjectConfigurationPlatforms) = postSolution
		{BEDEF4C5-9913-4FFA-94B1-1C7D1CE84AFD}.Debug|Any CPU.ActiveCfg = Debug|Any CPU
		{BEDEF4C5-9913-4FFA-94B1-1C7D1CE84AFD}.Debug|Any CPU.Build.0 = Debug|Any CPU
		{BEDEF4C5-9913-4FFA-94B1-1C7D1CE84AFD}.Release|Any CPU.ActiveCfg = Release|Any CPU
		{BEDEF4C5-9913-4FFA-94B1-1C7D1CE84AFD}.Release|Any CPU.Build.0 = Release|Any CPU
		{1D8CAF32-F227-44CE-AFF1-E6E745EFCA8C}.Debug|Any CPU.ActiveCfg = Debug|Any CPU
		{1D8CAF32-F227-44CE-AFF1-E6E745EFCA8C}.Debug|Any CPU.Build.0 = Debug|Any CPU
		{1D8CAF32-F227-44CE-AFF1-E6E745EFCA8C}.Release|Any CPU.ActiveCfg = Release|Any CPU
		{1D8CAF32-F227-44CE-AFF1-E6E745EFCA8C}.Release|Any CPU.Build.0 = Release|Any CPU
		{277CF12C-6E74-45CF-86E2-F19A39E4A6B9}.Debug|Any CPU.ActiveCfg = Debug|Any CPU
		{277CF12C-6E74-45CF-86E2-F19A39E4A6B9}.Debug|Any CPU.Build.0 = Debug|Any CPU
		{277CF12C-6E74-45CF-86E2-F19A39E4A6B9}.Release|Any CPU.ActiveCfg = Release|Any CPU
		{277CF12C-6E74-45CF-86E2-F19A39E4A6B9}.Release|Any CPU.Build.0 = Release|Any CPU
		{FF9E4B24-D836-4686-B12B-80AAFF9A2232}.Debug|Any CPU.ActiveCfg = Debug|Any CPU
		{FF9E4B24-D836-4686-B12B-80AAFF9A2232}.Debug|Any CPU.Build.0 = Debug|Any CPU
		{FF9E4B24-D836-4686-B12B-80AAFF9A2232}.Release|Any CPU.ActiveCfg = Release|Any CPU
		{FF9E4B24-D836-4686-B12B-80AAFF9A2232}.Release|Any CPU.Build.0 = Release|Any CPU
		{0096C6B7-7164-4E56-B558-74BD929FDF63}.Debug|Any CPU.ActiveCfg = Debug|Any CPU
		{0096C6B7-7164-4E56-B558-74BD929FDF63}.Debug|Any CPU.Build.0 = Debug|Any CPU
		{0096C6B7-7164-4E56-B558-74BD929FDF63}.Release|Any CPU.ActiveCfg = Release|Any CPU
		{0096C6B7-7164-4E56-B558-74BD929FDF63}.Release|Any CPU.Build.0 = Release|Any CPU
		{8C13B4FE-8A01-42C7-807F-C568B7B89965}.Debug|Any CPU.ActiveCfg = Debug|Any CPU
		{8C13B4FE-8A01-42C7-807F-C568B7B89965}.Debug|Any CPU.Build.0 = Debug|Any CPU
		{8C13B4FE-8A01-42C7-807F-C568B7B89965}.Release|Any CPU.ActiveCfg = Release|Any CPU
		{8C13B4FE-8A01-42C7-807F-C568B7B89965}.Release|Any CPU.Build.0 = Release|Any CPU
	EndGlobalSection
	GlobalSection(SolutionProperties) = preSolution
		HideSolutionNode = FALSE
	EndGlobalSection
	GlobalSection(ExtensibilityGlobals) = postSolution
		SolutionGuid = {1F4FC9E8-F6C7-4BA3-B947-720A288E9242}
	EndGlobalSection
EndGlobal
